// !$*UTF8*$!
{
	archiveVersion = 1;
	classes = {
	};
	objectVersion = 56;
	objects = {

/* Begin PBXBuildFile section */
		93171DB32D3D7BF8006D12F4 /* ContentViewSessionsTab.swift in Sources */ = {isa = PBXBuildFile; fileRef = 93171DB22D3D7BEE006D12F4 /* ContentViewSessionsTab.swift */; };
		93171DB52D3D7C20006D12F4 /* ContentViewTrainingSessionList.swift in Sources */ = {isa = PBXBuildFile; fileRef = 93171DB42D3D7C0E006D12F4 /* ContentViewTrainingSessionList.swift */; };
		93171DB72D3D7C41006D12F4 /* ContentViewTrainingSessionRow.swift in Sources */ = {isa = PBXBuildFile; fileRef = 93171DB62D3D7C31006D12F4 /* ContentViewTrainingSessionRow.swift */; };
		93171DB92D3D7CBD006D12F4 /* HistoryTab.swift in Sources */ = {isa = PBXBuildFile; fileRef = 93171DB82D3D7CB6006D12F4 /* HistoryTab.swift */; };
		93171DBB2D3D7CCA006D12F4 /* StatisticsTab.swift in Sources */ = {isa = PBXBuildFile; fileRef = 93171DBA2D3D7CC5006D12F4 /* StatisticsTab.swift */; };
		93171DBD2D3D7CD2006D12F4 /* SettingsTab.swift in Sources */ = {isa = PBXBuildFile; fileRef = 93171DBC2D3D7CCE006D12F4 /* SettingsTab.swift */; };
		933D39662C9E2DF50048B387 /* Kata_PulseApp.swift in Sources */ = {isa = PBXBuildFile; fileRef = 933D39652C9E2DF50048B387 /* Kata_PulseApp.swift */; };
		933D39682C9E2DF50048B387 /* ContentView.swift in Sources */ = {isa = PBXBuildFile; fileRef = 933D39672C9E2DF50048B387 /* ContentView.swift */; };
		933D396A2C9E2DF70048B387 /* Assets.xcassets in Resources */ = {isa = PBXBuildFile; fileRef = 933D39692C9E2DF70048B387 /* Assets.xcassets */; };
		933D396D2C9E2DF70048B387 /* Preview Assets.xcassets in Resources */ = {isa = PBXBuildFile; fileRef = 933D396C2C9E2DF70048B387 /* Preview Assets.xcassets */; };
		933D39722C9E2DF70048B387 /* FeetTogetherModel.xcdatamodeld in Sources */ = {isa = PBXBuildFile; fileRef = 933D39702C9E2DF70048B387 /* FeetTogetherModel.xcdatamodeld */; };
		933D397C2C9E2DF70048B387 /* Kata_PulseTests.swift in Sources */ = {isa = PBXBuildFile; fileRef = 933D397B2C9E2DF70048B387 /* Kata_PulseTests.swift */; };
		933D39862C9E2DF70048B387 /* Kata_PulseUITests.swift in Sources */ = {isa = PBXBuildFile; fileRef = 933D39852C9E2DF70048B387 /* Kata_PulseUITests.swift */; };
		933D39882C9E2DF70048B387 /* Kata_PulseUITestsLaunchTests.swift in Sources */ = {isa = PBXBuildFile; fileRef = 933D39872C9E2DF70048B387 /* Kata_PulseUITestsLaunchTests.swift */; };
		933D39962C9E2F5C0048B387 /* MovementData.swift in Sources */ = {isa = PBXBuildFile; fileRef = 933D39952C9E2F5C0048B387 /* MovementData.swift */; };
		933D39992C9E2F7C0048B387 /* TrainingSessionsView.swift in Sources */ = {isa = PBXBuildFile; fileRef = 933D39982C9E2F7C0048B387 /* TrainingSessionsView.swift */; };
		933D399B2C9E2F870048B387 /* CreateTrainingSessionView.swift in Sources */ = {isa = PBXBuildFile; fileRef = 933D399A2C9E2F870048B387 /* CreateTrainingSessionView.swift */; };
		933D399D2C9E2F900048B387 /* StartTrainingView.swift in Sources */ = {isa = PBXBuildFile; fileRef = 933D399C2C9E2F900048B387 /* StartTrainingView.swift */; };
		933D399F2C9E2F9A0048B387 /* SelectTechniquesView.swift in Sources */ = {isa = PBXBuildFile; fileRef = 933D399E2C9E2F9A0048B387 /* SelectTechniquesView.swift */; };
		933D39A12C9E2FA30048B387 /* SelectExercisesView.swift in Sources */ = {isa = PBXBuildFile; fileRef = 933D39A02C9E2FA30048B387 /* SelectExercisesView.swift */; };
		933D39A32C9E2FAC0048B387 /* SelectKatasView.swift in Sources */ = {isa = PBXBuildFile; fileRef = 933D39A22C9E2FAC0048B387 /* SelectKatasView.swift */; };
		933D39A62C9E2FC60048B387 /* iCloudSync.swift in Sources */ = {isa = PBXBuildFile; fileRef = 933D39A52C9E2FC60048B387 /* iCloudSync.swift */; };
		933D39A82C9E2FD00048B387 /* UserMetrics.swift in Sources */ = {isa = PBXBuildFile; fileRef = 933D39A72C9E2FD00048B387 /* UserMetrics.swift */; };
		933D39AB2C9E2FE20048B387 /* AppleSignInView.swift in Sources */ = {isa = PBXBuildFile; fileRef = 933D39AA2C9E2FE20048B387 /* AppleSignInView.swift */; };
		933D39AE2C9E2FF60048B387 /* AudioCueHelper.swift in Sources */ = {isa = PBXBuildFile; fileRef = 933D39AD2C9E2FF60048B387 /* AudioCueHelper.swift */; };
		933D39B02C9E30000048B387 /* ShuffleHelper.swift in Sources */ = {isa = PBXBuildFile; fileRef = 933D39AF2C9E30000048B387 /* ShuffleHelper.swift */; };
		933D39B42C9E305D0048B387 /* TrainingSession.swift in Sources */ = {isa = PBXBuildFile; fileRef = 933D39B32C9E305D0048B387 /* TrainingSession.swift */; };
		933D39B62C9E30720048B387 /* Technique.swift in Sources */ = {isa = PBXBuildFile; fileRef = 933D39B52C9E30720048B387 /* Technique.swift */; };
		933D39B82C9E30850048B387 /* Exercise.swift in Sources */ = {isa = PBXBuildFile; fileRef = 933D39B72C9E30850048B387 /* Exercise.swift */; };
		933D39BA2C9E30980048B387 /* Kata.swift in Sources */ = {isa = PBXBuildFile; fileRef = 933D39B92C9E30980048B387 /* Kata.swift */; };
		933D39BE2C9E42DE0048B387 /* CoreDataHelpers.swift in Sources */ = {isa = PBXBuildFile; fileRef = 933D39BD2C9E42DE0048B387 /* CoreDataHelpers.swift */; };
		933D39C02C9E4DE40048B387 /* PredefinedData.swift in Sources */ = {isa = PBXBuildFile; fileRef = 933D39BF2C9E4DE40048B387 /* PredefinedData.swift */; };
		933D39C22C9E81760048B387 /* Block.swift in Sources */ = {isa = PBXBuildFile; fileRef = 933D39C12C9E81760048B387 /* Block.swift */; };
		933D39C42C9E81980048B387 /* Strike.swift in Sources */ = {isa = PBXBuildFile; fileRef = 933D39C32C9E81980048B387 /* Strike.swift */; };
		933D39C62CAFADC80048B387 /* Kick.swift in Sources */ = {isa = PBXBuildFile; fileRef = 933D39C52CAFADC80048B387 /* Kick.swift */; };
		933D39C82CB2DD160048B387 /* TrainingSessionHistoryView.swift in Sources */ = {isa = PBXBuildFile; fileRef = 933D39C72CB2DD160048B387 /* TrainingSessionHistoryView.swift */; };
		933D39CE2CB2EC190048B387 /* TrainingSessionHistoryData.swift in Sources */ = {isa = PBXBuildFile; fileRef = 933D39CD2CB2EC190048B387 /* TrainingSessionHistoryData.swift */; };
		933D39D02CB31F760048B387 /* TrainingSessionHistory.swift in Sources */ = {isa = PBXBuildFile; fileRef = 933D39CF2CB31F760048B387 /* TrainingSessionHistory.swift */; };
		933D39D22CB31F980048B387 /* TrainingSessionHistoryItem.swift in Sources */ = {isa = PBXBuildFile; fileRef = 933D39D12CB31F980048B387 /* TrainingSessionHistoryItem.swift */; };
		933D39D42CB328310048B387 /* TrainingSessionHistoryDetailView.swift in Sources */ = {isa = PBXBuildFile; fileRef = 933D39D32CB328310048B387 /* TrainingSessionHistoryDetailView.swift */; };
		934318EB2CFA63DF006AB79B /* GlobalSettingsView.swift in Sources */ = {isa = PBXBuildFile; fileRef = 934318EA2CFA63D7006AB79B /* GlobalSettingsView.swift */; };
		934318F12CFC307E006AB79B /* CountingStatisticsView.swift in Sources */ = {isa = PBXBuildFile; fileRef = 934318F02CFC3076006AB79B /* CountingStatisticsView.swift */; };
		9361E3D02CCEEBBC007BAC81 /* WatchManager.swift in Sources */ = {isa = PBXBuildFile; fileRef = 9361E3CF2CCEEBB2007BAC81 /* WatchManager.swift */; };
		9361E3D72CCEEF8A007BAC81 /* PersistenceController.swift in Sources */ = {isa = PBXBuildFile; fileRef = 9361E3D62CCEEF88007BAC81 /* PersistenceController.swift */; };
		9361E3D82CCEEFCC007BAC81 /* PersistenceController.swift in Sources */ = {isa = PBXBuildFile; fileRef = 9361E3D62CCEEF88007BAC81 /* PersistenceController.swift */; };
		93A8ED8F2CCEE38D007CA488 /* KataPulseWAppApp.swift in Sources */ = {isa = PBXBuildFile; fileRef = 93A8ED8E2CCEE38D007CA488 /* KataPulseWAppApp.swift */; };
		93A8ED912CCEE38D007CA488 /* ContentView.swift in Sources */ = {isa = PBXBuildFile; fileRef = 93A8ED902CCEE38D007CA488 /* ContentView.swift */; };
		93A8ED932CCEE38F007CA488 /* Assets.xcassets in Resources */ = {isa = PBXBuildFile; fileRef = 93A8ED922CCEE38F007CA488 /* Assets.xcassets */; };
		93A8ED962CCEE38F007CA488 /* Preview Assets.xcassets in Resources */ = {isa = PBXBuildFile; fileRef = 93A8ED952CCEE38F007CA488 /* Preview Assets.xcassets */; };
		93A8EDA02CCEE38F007CA488 /* KataPulseWApp_Watch_AppTests.swift in Sources */ = {isa = PBXBuildFile; fileRef = 93A8ED9F2CCEE38F007CA488 /* KataPulseWApp_Watch_AppTests.swift */; };
		93A8EDAA2CCEE38F007CA488 /* KataPulseWApp_Watch_AppUITests.swift in Sources */ = {isa = PBXBuildFile; fileRef = 93A8EDA92CCEE38F007CA488 /* KataPulseWApp_Watch_AppUITests.swift */; };
		93A8EDAC2CCEE38F007CA488 /* KataPulseWApp_Watch_AppUITestsLaunchTests.swift in Sources */ = {isa = PBXBuildFile; fileRef = 93A8EDAB2CCEE38F007CA488 /* KataPulseWApp_Watch_AppUITestsLaunchTests.swift */; };
		93A8EDAF2CCEE38F007CA488 /* KataPulseWApp Watch App.app in Embed Watch Content */ = {isa = PBXBuildFile; fileRef = 93A8ED8C2CCEE38D007CA488 /* KataPulseWApp Watch App.app */; settings = {ATTRIBUTES = (RemoveHeadersOnCopy, ); }; };
		93FE4EFB2CF7CE75000F30C8 /* WatchManager.swift in Sources */ = {isa = PBXBuildFile; fileRef = 9361E3CF2CCEEBB2007BAC81 /* WatchManager.swift */; };
		93FE4F022CFA3091000F30C8 /* Notifications.swift in Sources */ = {isa = PBXBuildFile; fileRef = 93FE4F012CFA3091000F30C8 /* Notifications.swift */; };
		93FE4F032CFA3091000F30C8 /* Notifications.swift in Sources */ = {isa = PBXBuildFile; fileRef = 93FE4F012CFA3091000F30C8 /* Notifications.swift */; };
/* End PBXBuildFile section */

/* Begin PBXContainerItemProxy section */
		933D39782C9E2DF70048B387 /* PBXContainerItemProxy */ = {
			isa = PBXContainerItemProxy;
			containerPortal = 933D395A2C9E2DF50048B387 /* Project object */;
			proxyType = 1;
			remoteGlobalIDString = 933D39612C9E2DF50048B387;
			remoteInfo = "Kata Pulse";
		};
		933D39822C9E2DF70048B387 /* PBXContainerItemProxy */ = {
			isa = PBXContainerItemProxy;
			containerPortal = 933D395A2C9E2DF50048B387 /* Project object */;
			proxyType = 1;
			remoteGlobalIDString = 933D39612C9E2DF50048B387;
			remoteInfo = "Kata Pulse";
		};
		93A8ED9C2CCEE38F007CA488 /* PBXContainerItemProxy */ = {
			isa = PBXContainerItemProxy;
			containerPortal = 933D395A2C9E2DF50048B387 /* Project object */;
			proxyType = 1;
			remoteGlobalIDString = 93A8ED8B2CCEE38D007CA488;
			remoteInfo = "KataPulseWApp Watch App";
		};
		93A8EDA62CCEE38F007CA488 /* PBXContainerItemProxy */ = {
			isa = PBXContainerItemProxy;
			containerPortal = 933D395A2C9E2DF50048B387 /* Project object */;
			proxyType = 1;
			remoteGlobalIDString = 93A8ED8B2CCEE38D007CA488;
			remoteInfo = "KataPulseWApp Watch App";
		};
		93A8EDAD2CCEE38F007CA488 /* PBXContainerItemProxy */ = {
			isa = PBXContainerItemProxy;
			containerPortal = 933D395A2C9E2DF50048B387 /* Project object */;
			proxyType = 1;
			remoteGlobalIDString = 93A8ED8B2CCEE38D007CA488;
			remoteInfo = "KataPulseWApp Watch App";
		};
/* End PBXContainerItemProxy section */

/* Begin PBXCopyFilesBuildPhase section */
		93A8EDB02CCEE38F007CA488 /* Embed Watch Content */ = {
			isa = PBXCopyFilesBuildPhase;
			buildActionMask = 2147483647;
			dstPath = "$(CONTENTS_FOLDER_PATH)/Watch";
			dstSubfolderSpec = 16;
			files = (
				93A8EDAF2CCEE38F007CA488 /* KataPulseWApp Watch App.app in Embed Watch Content */,
			);
			name = "Embed Watch Content";
			runOnlyForDeploymentPostprocessing = 0;
		};
/* End PBXCopyFilesBuildPhase section */

/* Begin PBXFileReference section */
		93171DB22D3D7BEE006D12F4 /* ContentViewSessionsTab.swift */ = {isa = PBXFileReference; lastKnownFileType = sourcecode.swift; path = ContentViewSessionsTab.swift; sourceTree = "<group>"; };
		93171DB42D3D7C0E006D12F4 /* ContentViewTrainingSessionList.swift */ = {isa = PBXFileReference; lastKnownFileType = sourcecode.swift; path = ContentViewTrainingSessionList.swift; sourceTree = "<group>"; };
		93171DB62D3D7C31006D12F4 /* ContentViewTrainingSessionRow.swift */ = {isa = PBXFileReference; lastKnownFileType = sourcecode.swift; path = ContentViewTrainingSessionRow.swift; sourceTree = "<group>"; };
		93171DB82D3D7CB6006D12F4 /* HistoryTab.swift */ = {isa = PBXFileReference; lastKnownFileType = sourcecode.swift; path = HistoryTab.swift; sourceTree = "<group>"; };
		93171DBA2D3D7CC5006D12F4 /* StatisticsTab.swift */ = {isa = PBXFileReference; lastKnownFileType = sourcecode.swift; path = StatisticsTab.swift; sourceTree = "<group>"; };
		93171DBC2D3D7CCE006D12F4 /* SettingsTab.swift */ = {isa = PBXFileReference; lastKnownFileType = sourcecode.swift; path = SettingsTab.swift; sourceTree = "<group>"; };
		933D39622C9E2DF50048B387 /* Kata Pulse.app */ = {isa = PBXFileReference; explicitFileType = wrapper.application; includeInIndex = 0; path = "Kata Pulse.app"; sourceTree = BUILT_PRODUCTS_DIR; };
		933D39652C9E2DF50048B387 /* Kata_PulseApp.swift */ = {isa = PBXFileReference; lastKnownFileType = sourcecode.swift; path = Kata_PulseApp.swift; sourceTree = "<group>"; };
		933D39672C9E2DF50048B387 /* ContentView.swift */ = {isa = PBXFileReference; lastKnownFileType = sourcecode.swift; path = ContentView.swift; sourceTree = "<group>"; };
		933D39692C9E2DF70048B387 /* Assets.xcassets */ = {isa = PBXFileReference; lastKnownFileType = folder.assetcatalog; path = Assets.xcassets; sourceTree = "<group>"; };
		933D396C2C9E2DF70048B387 /* Preview Assets.xcassets */ = {isa = PBXFileReference; lastKnownFileType = folder.assetcatalog; path = "Preview Assets.xcassets"; sourceTree = "<group>"; };
		933D39712C9E2DF70048B387 /* Kata_Pulse.xcdatamodel */ = {isa = PBXFileReference; lastKnownFileType = wrapper.xcdatamodel; path = Kata_Pulse.xcdatamodel; sourceTree = "<group>"; };
		933D39772C9E2DF70048B387 /* Kata PulseTests.xctest */ = {isa = PBXFileReference; explicitFileType = wrapper.cfbundle; includeInIndex = 0; path = "Kata PulseTests.xctest"; sourceTree = BUILT_PRODUCTS_DIR; };
		933D397B2C9E2DF70048B387 /* Kata_PulseTests.swift */ = {isa = PBXFileReference; lastKnownFileType = sourcecode.swift; path = Kata_PulseTests.swift; sourceTree = "<group>"; };
		933D39812C9E2DF70048B387 /* Kata PulseUITests.xctest */ = {isa = PBXFileReference; explicitFileType = wrapper.cfbundle; includeInIndex = 0; path = "Kata PulseUITests.xctest"; sourceTree = BUILT_PRODUCTS_DIR; };
		933D39852C9E2DF70048B387 /* Kata_PulseUITests.swift */ = {isa = PBXFileReference; lastKnownFileType = sourcecode.swift; path = Kata_PulseUITests.swift; sourceTree = "<group>"; };
		933D39872C9E2DF70048B387 /* Kata_PulseUITestsLaunchTests.swift */ = {isa = PBXFileReference; lastKnownFileType = sourcecode.swift; path = Kata_PulseUITestsLaunchTests.swift; sourceTree = "<group>"; };
		933D39952C9E2F5C0048B387 /* MovementData.swift */ = {isa = PBXFileReference; lastKnownFileType = sourcecode.swift; path = MovementData.swift; sourceTree = "<group>"; };
		933D39982C9E2F7C0048B387 /* TrainingSessionsView.swift */ = {isa = PBXFileReference; lastKnownFileType = sourcecode.swift; path = TrainingSessionsView.swift; sourceTree = "<group>"; };
		933D399A2C9E2F870048B387 /* CreateTrainingSessionView.swift */ = {isa = PBXFileReference; lastKnownFileType = sourcecode.swift; path = CreateTrainingSessionView.swift; sourceTree = "<group>"; };
		933D399C2C9E2F900048B387 /* StartTrainingView.swift */ = {isa = PBXFileReference; lastKnownFileType = sourcecode.swift; path = StartTrainingView.swift; sourceTree = "<group>"; };
		933D399E2C9E2F9A0048B387 /* SelectTechniquesView.swift */ = {isa = PBXFileReference; lastKnownFileType = sourcecode.swift; path = SelectTechniquesView.swift; sourceTree = "<group>"; };
		933D39A02C9E2FA30048B387 /* SelectExercisesView.swift */ = {isa = PBXFileReference; lastKnownFileType = sourcecode.swift; path = SelectExercisesView.swift; sourceTree = "<group>"; };
		933D39A22C9E2FAC0048B387 /* SelectKatasView.swift */ = {isa = PBXFileReference; lastKnownFileType = sourcecode.swift; path = SelectKatasView.swift; sourceTree = "<group>"; };
		933D39A52C9E2FC60048B387 /* iCloudSync.swift */ = {isa = PBXFileReference; lastKnownFileType = sourcecode.swift; path = iCloudSync.swift; sourceTree = "<group>"; };
		933D39A72C9E2FD00048B387 /* UserMetrics.swift */ = {isa = PBXFileReference; lastKnownFileType = sourcecode.swift; path = UserMetrics.swift; sourceTree = "<group>"; };
		933D39AA2C9E2FE20048B387 /* AppleSignInView.swift */ = {isa = PBXFileReference; lastKnownFileType = sourcecode.swift; path = AppleSignInView.swift; sourceTree = "<group>"; };
		933D39AD2C9E2FF60048B387 /* AudioCueHelper.swift */ = {isa = PBXFileReference; lastKnownFileType = sourcecode.swift; path = AudioCueHelper.swift; sourceTree = "<group>"; };
		933D39AF2C9E30000048B387 /* ShuffleHelper.swift */ = {isa = PBXFileReference; lastKnownFileType = sourcecode.swift; path = ShuffleHelper.swift; sourceTree = "<group>"; };
		933D39B32C9E305D0048B387 /* TrainingSession.swift */ = {isa = PBXFileReference; lastKnownFileType = sourcecode.swift; path = TrainingSession.swift; sourceTree = "<group>"; };
		933D39B52C9E30720048B387 /* Technique.swift */ = {isa = PBXFileReference; lastKnownFileType = sourcecode.swift; path = Technique.swift; sourceTree = "<group>"; };
		933D39B72C9E30850048B387 /* Exercise.swift */ = {isa = PBXFileReference; lastKnownFileType = sourcecode.swift; path = Exercise.swift; sourceTree = "<group>"; };
		933D39B92C9E30980048B387 /* Kata.swift */ = {isa = PBXFileReference; lastKnownFileType = sourcecode.swift; path = Kata.swift; sourceTree = "<group>"; };
		933D39BD2C9E42DE0048B387 /* CoreDataHelpers.swift */ = {isa = PBXFileReference; lastKnownFileType = sourcecode.swift; path = CoreDataHelpers.swift; sourceTree = "<group>"; };
		933D39BF2C9E4DE40048B387 /* PredefinedData.swift */ = {isa = PBXFileReference; lastKnownFileType = sourcecode.swift; path = PredefinedData.swift; sourceTree = "<group>"; };
		933D39C12C9E81760048B387 /* Block.swift */ = {isa = PBXFileReference; lastKnownFileType = sourcecode.swift; path = Block.swift; sourceTree = "<group>"; };
		933D39C32C9E81980048B387 /* Strike.swift */ = {isa = PBXFileReference; lastKnownFileType = sourcecode.swift; path = Strike.swift; sourceTree = "<group>"; };
		933D39C52CAFADC80048B387 /* Kick.swift */ = {isa = PBXFileReference; lastKnownFileType = sourcecode.swift; path = Kick.swift; sourceTree = "<group>"; };
		933D39C72CB2DD160048B387 /* TrainingSessionHistoryView.swift */ = {isa = PBXFileReference; lastKnownFileType = sourcecode.swift; path = TrainingSessionHistoryView.swift; sourceTree = "<group>"; };
		933D39CD2CB2EC190048B387 /* TrainingSessionHistoryData.swift */ = {isa = PBXFileReference; lastKnownFileType = sourcecode.swift; path = TrainingSessionHistoryData.swift; sourceTree = "<group>"; };
		933D39CF2CB31F760048B387 /* TrainingSessionHistory.swift */ = {isa = PBXFileReference; lastKnownFileType = sourcecode.swift; path = TrainingSessionHistory.swift; sourceTree = "<group>"; };
		933D39D12CB31F980048B387 /* TrainingSessionHistoryItem.swift */ = {isa = PBXFileReference; lastKnownFileType = sourcecode.swift; path = TrainingSessionHistoryItem.swift; sourceTree = "<group>"; };
		933D39D32CB328310048B387 /* TrainingSessionHistoryDetailView.swift */ = {isa = PBXFileReference; lastKnownFileType = sourcecode.swift; path = TrainingSessionHistoryDetailView.swift; sourceTree = "<group>"; };
		934318EA2CFA63D7006AB79B /* GlobalSettingsView.swift */ = {isa = PBXFileReference; lastKnownFileType = sourcecode.swift; path = GlobalSettingsView.swift; sourceTree = "<group>"; };
		934318F02CFC3076006AB79B /* CountingStatisticsView.swift */ = {isa = PBXFileReference; lastKnownFileType = sourcecode.swift; path = CountingStatisticsView.swift; sourceTree = "<group>"; };
		9361E3CF2CCEEBB2007BAC81 /* WatchManager.swift */ = {isa = PBXFileReference; lastKnownFileType = sourcecode.swift; path = WatchManager.swift; sourceTree = "<group>"; };
		9361E3D62CCEEF88007BAC81 /* PersistenceController.swift */ = {isa = PBXFileReference; lastKnownFileType = sourcecode.swift; path = PersistenceController.swift; sourceTree = "<group>"; };
		93A8ED8C2CCEE38D007CA488 /* KataPulseWApp Watch App.app */ = {isa = PBXFileReference; explicitFileType = wrapper.application; includeInIndex = 0; path = "KataPulseWApp Watch App.app"; sourceTree = BUILT_PRODUCTS_DIR; };
		93A8ED8E2CCEE38D007CA488 /* KataPulseWAppApp.swift */ = {isa = PBXFileReference; lastKnownFileType = sourcecode.swift; path = KataPulseWAppApp.swift; sourceTree = "<group>"; };
		93A8ED902CCEE38D007CA488 /* ContentView.swift */ = {isa = PBXFileReference; lastKnownFileType = sourcecode.swift; path = ContentView.swift; sourceTree = "<group>"; };
		93A8ED922CCEE38F007CA488 /* Assets.xcassets */ = {isa = PBXFileReference; lastKnownFileType = folder.assetcatalog; path = Assets.xcassets; sourceTree = "<group>"; };
		93A8ED952CCEE38F007CA488 /* Preview Assets.xcassets */ = {isa = PBXFileReference; lastKnownFileType = folder.assetcatalog; path = "Preview Assets.xcassets"; sourceTree = "<group>"; };
		93A8ED9B2CCEE38F007CA488 /* KataPulseWApp Watch AppTests.xctest */ = {isa = PBXFileReference; explicitFileType = wrapper.cfbundle; includeInIndex = 0; path = "KataPulseWApp Watch AppTests.xctest"; sourceTree = BUILT_PRODUCTS_DIR; };
		93A8ED9F2CCEE38F007CA488 /* KataPulseWApp_Watch_AppTests.swift */ = {isa = PBXFileReference; lastKnownFileType = sourcecode.swift; path = KataPulseWApp_Watch_AppTests.swift; sourceTree = "<group>"; };
		93A8EDA52CCEE38F007CA488 /* KataPulseWApp Watch AppUITests.xctest */ = {isa = PBXFileReference; explicitFileType = wrapper.cfbundle; includeInIndex = 0; path = "KataPulseWApp Watch AppUITests.xctest"; sourceTree = BUILT_PRODUCTS_DIR; };
		93A8EDA92CCEE38F007CA488 /* KataPulseWApp_Watch_AppUITests.swift */ = {isa = PBXFileReference; lastKnownFileType = sourcecode.swift; path = KataPulseWApp_Watch_AppUITests.swift; sourceTree = "<group>"; };
		93A8EDAB2CCEE38F007CA488 /* KataPulseWApp_Watch_AppUITestsLaunchTests.swift */ = {isa = PBXFileReference; lastKnownFileType = sourcecode.swift; path = KataPulseWApp_Watch_AppUITestsLaunchTests.swift; sourceTree = "<group>"; };
		93FE4F012CFA3091000F30C8 /* Notifications.swift */ = {isa = PBXFileReference; lastKnownFileType = sourcecode.swift; path = Notifications.swift; sourceTree = "<group>"; };
/* End PBXFileReference section */

/* Begin PBXFrameworksBuildPhase section */
		933D395F2C9E2DF50048B387 /* Frameworks */ = {
			isa = PBXFrameworksBuildPhase;
			buildActionMask = 2147483647;
			files = (
			);
			runOnlyForDeploymentPostprocessing = 0;
		};
		933D39742C9E2DF70048B387 /* Frameworks */ = {
			isa = PBXFrameworksBuildPhase;
			buildActionMask = 2147483647;
			files = (
			);
			runOnlyForDeploymentPostprocessing = 0;
		};
		933D397E2C9E2DF70048B387 /* Frameworks */ = {
			isa = PBXFrameworksBuildPhase;
			buildActionMask = 2147483647;
			files = (
			);
			runOnlyForDeploymentPostprocessing = 0;
		};
		93A8ED892CCEE38D007CA488 /* Frameworks */ = {
			isa = PBXFrameworksBuildPhase;
			buildActionMask = 2147483647;
			files = (
			);
			runOnlyForDeploymentPostprocessing = 0;
		};
		93A8ED982CCEE38F007CA488 /* Frameworks */ = {
			isa = PBXFrameworksBuildPhase;
			buildActionMask = 2147483647;
			files = (
			);
			runOnlyForDeploymentPostprocessing = 0;
		};
		93A8EDA22CCEE38F007CA488 /* Frameworks */ = {
			isa = PBXFrameworksBuildPhase;
			buildActionMask = 2147483647;
			files = (
			);
			runOnlyForDeploymentPostprocessing = 0;
		};
/* End PBXFrameworksBuildPhase section */

/* Begin PBXGroup section */
		933D39592C9E2DF50048B387 = {
			isa = PBXGroup;
			children = (
				933D39642C9E2DF50048B387 /* Kata Pulse */,
				933D397A2C9E2DF70048B387 /* Kata PulseTests */,
				933D39842C9E2DF70048B387 /* Kata PulseUITests */,
				93A8ED8D2CCEE38D007CA488 /* KataPulseWApp Watch App */,
				93A8ED9E2CCEE38F007CA488 /* KataPulseWApp Watch AppTests */,
				93A8EDA82CCEE38F007CA488 /* KataPulseWApp Watch AppUITests */,
				933D39632C9E2DF50048B387 /* Products */,
			);
			sourceTree = "<group>";
		};
		933D39632C9E2DF50048B387 /* Products */ = {
			isa = PBXGroup;
			children = (
				933D39622C9E2DF50048B387 /* Kata Pulse.app */,
				933D39772C9E2DF70048B387 /* Kata PulseTests.xctest */,
				933D39812C9E2DF70048B387 /* Kata PulseUITests.xctest */,
				93A8ED8C2CCEE38D007CA488 /* KataPulseWApp Watch App.app */,
				93A8ED9B2CCEE38F007CA488 /* KataPulseWApp Watch AppTests.xctest */,
				93A8EDA52CCEE38F007CA488 /* KataPulseWApp Watch AppUITests.xctest */,
			);
			name = Products;
			sourceTree = "<group>";
		};
		933D39642C9E2DF50048B387 /* Kata Pulse */ = {
			isa = PBXGroup;
			children = (
				9361E3CF2CCEEBB2007BAC81 /* WatchManager.swift */,
				933D39BB2C9E310B0048B387 /* Cloud */,
				933D39AC2C9E2FE80048B387 /* Helpers */,
				933D39A92C9E2FD80048B387 /* Authentication */,
				933D39A42C9E2FB90048B387 /* CoreData */,
				933D39972C9E2F6D0048B387 /* Views */,
				933D39942C9E2F3F0048B387 /* Models */,
				933D39652C9E2DF50048B387 /* Kata_PulseApp.swift */,
				933D39692C9E2DF70048B387 /* Assets.xcassets */,
				933D39702C9E2DF70048B387 /* FeetTogetherModel.xcdatamodeld */,
				933D396B2C9E2DF70048B387 /* Preview Content */,
			);
			path = "Kata Pulse";
			sourceTree = "<group>";
		};
		933D396B2C9E2DF70048B387 /* Preview Content */ = {
			isa = PBXGroup;
			children = (
				933D396C2C9E2DF70048B387 /* Preview Assets.xcassets */,
			);
			path = "Preview Content";
			sourceTree = "<group>";
		};
		933D397A2C9E2DF70048B387 /* Kata PulseTests */ = {
			isa = PBXGroup;
			children = (
				933D397B2C9E2DF70048B387 /* Kata_PulseTests.swift */,
			);
			path = "Kata PulseTests";
			sourceTree = "<group>";
		};
		933D39842C9E2DF70048B387 /* Kata PulseUITests */ = {
			isa = PBXGroup;
			children = (
				933D39852C9E2DF70048B387 /* Kata_PulseUITests.swift */,
				933D39872C9E2DF70048B387 /* Kata_PulseUITestsLaunchTests.swift */,
			);
			path = "Kata PulseUITests";
			sourceTree = "<group>";
		};
		933D39942C9E2F3F0048B387 /* Models */ = {
			isa = PBXGroup;
			children = (
				933D39952C9E2F5C0048B387 /* MovementData.swift */,
				933D39B32C9E305D0048B387 /* TrainingSession.swift */,
				933D39B52C9E30720048B387 /* Technique.swift */,
				933D39B72C9E30850048B387 /* Exercise.swift */,
				933D39BF2C9E4DE40048B387 /* PredefinedData.swift */,
				933D39B92C9E30980048B387 /* Kata.swift */,
				933D39C12C9E81760048B387 /* Block.swift */,
				933D39C32C9E81980048B387 /* Strike.swift */,
				933D39C52CAFADC80048B387 /* Kick.swift */,
				933D39CF2CB31F760048B387 /* TrainingSessionHistory.swift */,
				933D39D12CB31F980048B387 /* TrainingSessionHistoryItem.swift */,
			);
			path = Models;
			sourceTree = "<group>";
		};
		933D39972C9E2F6D0048B387 /* Views */ = {
			isa = PBXGroup;
			children = (
				93171DBC2D3D7CCE006D12F4 /* SettingsTab.swift */,
				93171DBA2D3D7CC5006D12F4 /* StatisticsTab.swift */,
				93171DB82D3D7CB6006D12F4 /* HistoryTab.swift */,
				93171DB62D3D7C31006D12F4 /* ContentViewTrainingSessionRow.swift */,
				93171DB42D3D7C0E006D12F4 /* ContentViewTrainingSessionList.swift */,
				93171DB22D3D7BEE006D12F4 /* ContentViewSessionsTab.swift */,
				933D39672C9E2DF50048B387 /* ContentView.swift */,
				934318F02CFC3076006AB79B /* CountingStatisticsView.swift */,
				934318EA2CFA63D7006AB79B /* GlobalSettingsView.swift */,
				933D39982C9E2F7C0048B387 /* TrainingSessionsView.swift */,
				933D399A2C9E2F870048B387 /* CreateTrainingSessionView.swift */,
				933D399C2C9E2F900048B387 /* StartTrainingView.swift */,
				933D399E2C9E2F9A0048B387 /* SelectTechniquesView.swift */,
				933D39A02C9E2FA30048B387 /* SelectExercisesView.swift */,
				933D39A22C9E2FAC0048B387 /* SelectKatasView.swift */,
				933D39C72CB2DD160048B387 /* TrainingSessionHistoryView.swift */,
				933D39CD2CB2EC190048B387 /* TrainingSessionHistoryData.swift */,
				933D39D32CB328310048B387 /* TrainingSessionHistoryDetailView.swift */,
			);
			path = Views;
			sourceTree = "<group>";
		};
		933D39A42C9E2FB90048B387 /* CoreData */ = {
			isa = PBXGroup;
			children = (
				9361E3D62CCEEF88007BAC81 /* PersistenceController.swift */,
				933D39A72C9E2FD00048B387 /* UserMetrics.swift */,
			);
			path = CoreData;
			sourceTree = "<group>";
		};
		933D39A92C9E2FD80048B387 /* Authentication */ = {
			isa = PBXGroup;
			children = (
				933D39AA2C9E2FE20048B387 /* AppleSignInView.swift */,
			);
			path = Authentication;
			sourceTree = "<group>";
		};
		933D39AC2C9E2FE80048B387 /* Helpers */ = {
			isa = PBXGroup;
			children = (
				93FE4F012CFA3091000F30C8 /* Notifications.swift */,
				933D39AD2C9E2FF60048B387 /* AudioCueHelper.swift */,
				933D39AF2C9E30000048B387 /* ShuffleHelper.swift */,
				933D39BD2C9E42DE0048B387 /* CoreDataHelpers.swift */,
			);
			path = Helpers;
			sourceTree = "<group>";
		};
		933D39BB2C9E310B0048B387 /* Cloud */ = {
			isa = PBXGroup;
			children = (
				933D39A52C9E2FC60048B387 /* iCloudSync.swift */,
			);
			path = Cloud;
			sourceTree = "<group>";
		};
		93A8ED8D2CCEE38D007CA488 /* KataPulseWApp Watch App */ = {
			isa = PBXGroup;
			children = (
				93A8ED8E2CCEE38D007CA488 /* KataPulseWAppApp.swift */,
				93A8ED902CCEE38D007CA488 /* ContentView.swift */,
				93A8ED922CCEE38F007CA488 /* Assets.xcassets */,
				93A8ED942CCEE38F007CA488 /* Preview Content */,
			);
			path = "KataPulseWApp Watch App";
			sourceTree = "<group>";
		};
		93A8ED942CCEE38F007CA488 /* Preview Content */ = {
			isa = PBXGroup;
			children = (
				93A8ED952CCEE38F007CA488 /* Preview Assets.xcassets */,
			);
			path = "Preview Content";
			sourceTree = "<group>";
		};
		93A8ED9E2CCEE38F007CA488 /* KataPulseWApp Watch AppTests */ = {
			isa = PBXGroup;
			children = (
				93A8ED9F2CCEE38F007CA488 /* KataPulseWApp_Watch_AppTests.swift */,
			);
			path = "KataPulseWApp Watch AppTests";
			sourceTree = "<group>";
		};
		93A8EDA82CCEE38F007CA488 /* KataPulseWApp Watch AppUITests */ = {
			isa = PBXGroup;
			children = (
				93A8EDA92CCEE38F007CA488 /* KataPulseWApp_Watch_AppUITests.swift */,
				93A8EDAB2CCEE38F007CA488 /* KataPulseWApp_Watch_AppUITestsLaunchTests.swift */,
			);
			path = "KataPulseWApp Watch AppUITests";
			sourceTree = "<group>";
		};
/* End PBXGroup section */

/* Begin PBXNativeTarget section */
		933D39612C9E2DF50048B387 /* Kata Pulse */ = {
			isa = PBXNativeTarget;
			buildConfigurationList = 933D398B2C9E2DF70048B387 /* Build configuration list for PBXNativeTarget "Kata Pulse" */;
			buildPhases = (
				933D395E2C9E2DF50048B387 /* Sources */,
				933D395F2C9E2DF50048B387 /* Frameworks */,
				933D39602C9E2DF50048B387 /* Resources */,
				93A8EDB02CCEE38F007CA488 /* Embed Watch Content */,
			);
			buildRules = (
			);
			dependencies = (
				93A8EDAE2CCEE38F007CA488 /* PBXTargetDependency */,
			);
			name = "Kata Pulse";
			productName = "Kata Pulse";
			productReference = 933D39622C9E2DF50048B387 /* Kata Pulse.app */;
			productType = "com.apple.product-type.application";
		};
		933D39762C9E2DF70048B387 /* Kata PulseTests */ = {
			isa = PBXNativeTarget;
			buildConfigurationList = 933D398E2C9E2DF70048B387 /* Build configuration list for PBXNativeTarget "Kata PulseTests" */;
			buildPhases = (
				933D39732C9E2DF70048B387 /* Sources */,
				933D39742C9E2DF70048B387 /* Frameworks */,
				933D39752C9E2DF70048B387 /* Resources */,
			);
			buildRules = (
			);
			dependencies = (
				933D39792C9E2DF70048B387 /* PBXTargetDependency */,
			);
			name = "Kata PulseTests";
			productName = "Kata PulseTests";
			productReference = 933D39772C9E2DF70048B387 /* Kata PulseTests.xctest */;
			productType = "com.apple.product-type.bundle.unit-test";
		};
		933D39802C9E2DF70048B387 /* Kata PulseUITests */ = {
			isa = PBXNativeTarget;
			buildConfigurationList = 933D39912C9E2DF70048B387 /* Build configuration list for PBXNativeTarget "Kata PulseUITests" */;
			buildPhases = (
				933D397D2C9E2DF70048B387 /* Sources */,
				933D397E2C9E2DF70048B387 /* Frameworks */,
				933D397F2C9E2DF70048B387 /* Resources */,
			);
			buildRules = (
			);
			dependencies = (
				933D39832C9E2DF70048B387 /* PBXTargetDependency */,
			);
			name = "Kata PulseUITests";
			productName = "Kata PulseUITests";
			productReference = 933D39812C9E2DF70048B387 /* Kata PulseUITests.xctest */;
			productType = "com.apple.product-type.bundle.ui-testing";
		};
		93A8ED8B2CCEE38D007CA488 /* KataPulseWApp Watch App */ = {
			isa = PBXNativeTarget;
			buildConfigurationList = 93A8EDB72CCEE38F007CA488 /* Build configuration list for PBXNativeTarget "KataPulseWApp Watch App" */;
			buildPhases = (
				93A8ED882CCEE38D007CA488 /* Sources */,
				93A8ED892CCEE38D007CA488 /* Frameworks */,
				93A8ED8A2CCEE38D007CA488 /* Resources */,
			);
			buildRules = (
			);
			dependencies = (
			);
			name = "KataPulseWApp Watch App";
			productName = "KataPulseWApp Watch App";
			productReference = 93A8ED8C2CCEE38D007CA488 /* KataPulseWApp Watch App.app */;
			productType = "com.apple.product-type.application";
		};
		93A8ED9A2CCEE38F007CA488 /* KataPulseWApp Watch AppTests */ = {
			isa = PBXNativeTarget;
			buildConfigurationList = 93A8EDB82CCEE38F007CA488 /* Build configuration list for PBXNativeTarget "KataPulseWApp Watch AppTests" */;
			buildPhases = (
				93A8ED972CCEE38F007CA488 /* Sources */,
				93A8ED982CCEE38F007CA488 /* Frameworks */,
				93A8ED992CCEE38F007CA488 /* Resources */,
			);
			buildRules = (
			);
			dependencies = (
				93A8ED9D2CCEE38F007CA488 /* PBXTargetDependency */,
			);
			name = "KataPulseWApp Watch AppTests";
			productName = "KataPulseWApp Watch AppTests";
			productReference = 93A8ED9B2CCEE38F007CA488 /* KataPulseWApp Watch AppTests.xctest */;
			productType = "com.apple.product-type.bundle.unit-test";
		};
		93A8EDA42CCEE38F007CA488 /* KataPulseWApp Watch AppUITests */ = {
			isa = PBXNativeTarget;
			buildConfigurationList = 93A8EDB92CCEE38F007CA488 /* Build configuration list for PBXNativeTarget "KataPulseWApp Watch AppUITests" */;
			buildPhases = (
				93A8EDA12CCEE38F007CA488 /* Sources */,
				93A8EDA22CCEE38F007CA488 /* Frameworks */,
				93A8EDA32CCEE38F007CA488 /* Resources */,
			);
			buildRules = (
			);
			dependencies = (
				93A8EDA72CCEE38F007CA488 /* PBXTargetDependency */,
			);
			name = "KataPulseWApp Watch AppUITests";
			productName = "KataPulseWApp Watch AppUITests";
			productReference = 93A8EDA52CCEE38F007CA488 /* KataPulseWApp Watch AppUITests.xctest */;
			productType = "com.apple.product-type.bundle.ui-testing";
		};
/* End PBXNativeTarget section */

/* Begin PBXProject section */
		933D395A2C9E2DF50048B387 /* Project object */ = {
			isa = PBXProject;
			attributes = {
				BuildIndependentTargetsInParallel = 1;
				LastSwiftUpdateCheck = 1540;
				LastUpgradeCheck = 1610;
				TargetAttributes = {
					933D39612C9E2DF50048B387 = {
						CreatedOnToolsVersion = 15.4;
					};
					933D39762C9E2DF70048B387 = {
						CreatedOnToolsVersion = 15.4;
						TestTargetID = 933D39612C9E2DF50048B387;
					};
					933D39802C9E2DF70048B387 = {
						CreatedOnToolsVersion = 15.4;
						TestTargetID = 933D39612C9E2DF50048B387;
					};
					93A8ED8B2CCEE38D007CA488 = {
						CreatedOnToolsVersion = 15.4;
					};
					93A8ED9A2CCEE38F007CA488 = {
						CreatedOnToolsVersion = 15.4;
						TestTargetID = 93A8ED8B2CCEE38D007CA488;
					};
					93A8EDA42CCEE38F007CA488 = {
						CreatedOnToolsVersion = 15.4;
						TestTargetID = 93A8ED8B2CCEE38D007CA488;
					};
				};
			};
			buildConfigurationList = 933D395D2C9E2DF50048B387 /* Build configuration list for PBXProject "Kata Pulse" */;
			compatibilityVersion = "Xcode 14.0";
			developmentRegion = en;
			hasScannedForEncodings = 0;
			knownRegions = (
				en,
				Base,
			);
			mainGroup = 933D39592C9E2DF50048B387;
			productRefGroup = 933D39632C9E2DF50048B387 /* Products */;
			projectDirPath = "";
			projectRoot = "";
			targets = (
				933D39612C9E2DF50048B387 /* Kata Pulse */,
				933D39762C9E2DF70048B387 /* Kata PulseTests */,
				933D39802C9E2DF70048B387 /* Kata PulseUITests */,
				93A8ED8B2CCEE38D007CA488 /* KataPulseWApp Watch App */,
				93A8ED9A2CCEE38F007CA488 /* KataPulseWApp Watch AppTests */,
				93A8EDA42CCEE38F007CA488 /* KataPulseWApp Watch AppUITests */,
			);
		};
/* End PBXProject section */

/* Begin PBXResourcesBuildPhase section */
		933D39602C9E2DF50048B387 /* Resources */ = {
			isa = PBXResourcesBuildPhase;
			buildActionMask = 2147483647;
			files = (
				933D396D2C9E2DF70048B387 /* Preview Assets.xcassets in Resources */,
				933D396A2C9E2DF70048B387 /* Assets.xcassets in Resources */,
			);
			runOnlyForDeploymentPostprocessing = 0;
		};
		933D39752C9E2DF70048B387 /* Resources */ = {
			isa = PBXResourcesBuildPhase;
			buildActionMask = 2147483647;
			files = (
			);
			runOnlyForDeploymentPostprocessing = 0;
		};
		933D397F2C9E2DF70048B387 /* Resources */ = {
			isa = PBXResourcesBuildPhase;
			buildActionMask = 2147483647;
			files = (
			);
			runOnlyForDeploymentPostprocessing = 0;
		};
		93A8ED8A2CCEE38D007CA488 /* Resources */ = {
			isa = PBXResourcesBuildPhase;
			buildActionMask = 2147483647;
			files = (
				93A8ED962CCEE38F007CA488 /* Preview Assets.xcassets in Resources */,
				93A8ED932CCEE38F007CA488 /* Assets.xcassets in Resources */,
			);
			runOnlyForDeploymentPostprocessing = 0;
		};
		93A8ED992CCEE38F007CA488 /* Resources */ = {
			isa = PBXResourcesBuildPhase;
			buildActionMask = 2147483647;
			files = (
			);
			runOnlyForDeploymentPostprocessing = 0;
		};
		93A8EDA32CCEE38F007CA488 /* Resources */ = {
			isa = PBXResourcesBuildPhase;
			buildActionMask = 2147483647;
			files = (
			);
			runOnlyForDeploymentPostprocessing = 0;
		};
/* End PBXResourcesBuildPhase section */

/* Begin PBXSourcesBuildPhase section */
		933D395E2C9E2DF50048B387 /* Sources */ = {
			isa = PBXSourcesBuildPhase;
			buildActionMask = 2147483647;
			files = (
				933D39C62CAFADC80048B387 /* Kick.swift in Sources */,
				933D39722C9E2DF70048B387 /* FeetTogetherModel.xcdatamodeld in Sources */,
				933D39C42C9E81980048B387 /* Strike.swift in Sources */,
				933D39A32C9E2FAC0048B387 /* SelectKatasView.swift in Sources */,
				933D39992C9E2F7C0048B387 /* TrainingSessionsView.swift in Sources */,
				93171DB32D3D7BF8006D12F4 /* ContentViewSessionsTab.swift in Sources */,
				933D39A62C9E2FC60048B387 /* iCloudSync.swift in Sources */,
				933D39AB2C9E2FE20048B387 /* AppleSignInView.swift in Sources */,
				933D39B62C9E30720048B387 /* Technique.swift in Sources */,
				933D39AE2C9E2FF60048B387 /* AudioCueHelper.swift in Sources */,
				933D39C82CB2DD160048B387 /* TrainingSessionHistoryView.swift in Sources */,
				9361E3D02CCEEBBC007BAC81 /* WatchManager.swift in Sources */,
				93171DBD2D3D7CD2006D12F4 /* SettingsTab.swift in Sources */,
				933D39CE2CB2EC190048B387 /* TrainingSessionHistoryData.swift in Sources */,
				933D399F2C9E2F9A0048B387 /* SelectTechniquesView.swift in Sources */,
				933D39B82C9E30850048B387 /* Exercise.swift in Sources */,
				9361E3D72CCEEF8A007BAC81 /* PersistenceController.swift in Sources */,
				933D39A82C9E2FD00048B387 /* UserMetrics.swift in Sources */,
				934318F12CFC307E006AB79B /* CountingStatisticsView.swift in Sources */,
				933D39D42CB328310048B387 /* TrainingSessionHistoryDetailView.swift in Sources */,
				93171DB72D3D7C41006D12F4 /* ContentViewTrainingSessionRow.swift in Sources */,
				93171DB92D3D7CBD006D12F4 /* HistoryTab.swift in Sources */,
				933D39682C9E2DF50048B387 /* ContentView.swift in Sources */,
				933D399B2C9E2F870048B387 /* CreateTrainingSessionView.swift in Sources */,
				93171DBB2D3D7CCA006D12F4 /* StatisticsTab.swift in Sources */,
				933D39D02CB31F760048B387 /* TrainingSessionHistory.swift in Sources */,
				933D39B02C9E30000048B387 /* ShuffleHelper.swift in Sources */,
				933D39BA2C9E30980048B387 /* Kata.swift in Sources */,
				933D39962C9E2F5C0048B387 /* MovementData.swift in Sources */,
				93FE4F032CFA3091000F30C8 /* Notifications.swift in Sources */,
				933D39662C9E2DF50048B387 /* Kata_PulseApp.swift in Sources */,
				934318EB2CFA63DF006AB79B /* GlobalSettingsView.swift in Sources */,
				933D39A12C9E2FA30048B387 /* SelectExercisesView.swift in Sources */,
				933D39D22CB31F980048B387 /* TrainingSessionHistoryItem.swift in Sources */,
				933D39BE2C9E42DE0048B387 /* CoreDataHelpers.swift in Sources */,
				933D39C02C9E4DE40048B387 /* PredefinedData.swift in Sources */,
				933D39C22C9E81760048B387 /* Block.swift in Sources */,
				93171DB52D3D7C20006D12F4 /* ContentViewTrainingSessionList.swift in Sources */,
				933D399D2C9E2F900048B387 /* StartTrainingView.swift in Sources */,
				933D39B42C9E305D0048B387 /* TrainingSession.swift in Sources */,
			);
			runOnlyForDeploymentPostprocessing = 0;
		};
		933D39732C9E2DF70048B387 /* Sources */ = {
			isa = PBXSourcesBuildPhase;
			buildActionMask = 2147483647;
			files = (
				933D397C2C9E2DF70048B387 /* Kata_PulseTests.swift in Sources */,
			);
			runOnlyForDeploymentPostprocessing = 0;
		};
		933D397D2C9E2DF70048B387 /* Sources */ = {
			isa = PBXSourcesBuildPhase;
			buildActionMask = 2147483647;
			files = (
				933D39862C9E2DF70048B387 /* Kata_PulseUITests.swift in Sources */,
				933D39882C9E2DF70048B387 /* Kata_PulseUITestsLaunchTests.swift in Sources */,
			);
			runOnlyForDeploymentPostprocessing = 0;
		};
		93A8ED882CCEE38D007CA488 /* Sources */ = {
			isa = PBXSourcesBuildPhase;
			buildActionMask = 2147483647;
			files = (
				93FE4F022CFA3091000F30C8 /* Notifications.swift in Sources */,
				9361E3D82CCEEFCC007BAC81 /* PersistenceController.swift in Sources */,
				93A8ED912CCEE38D007CA488 /* ContentView.swift in Sources */,
				93A8ED8F2CCEE38D007CA488 /* KataPulseWAppApp.swift in Sources */,
				93FE4EFB2CF7CE75000F30C8 /* WatchManager.swift in Sources */,
			);
			runOnlyForDeploymentPostprocessing = 0;
		};
		93A8ED972CCEE38F007CA488 /* Sources */ = {
			isa = PBXSourcesBuildPhase;
			buildActionMask = 2147483647;
			files = (
				93A8EDA02CCEE38F007CA488 /* KataPulseWApp_Watch_AppTests.swift in Sources */,
			);
			runOnlyForDeploymentPostprocessing = 0;
		};
		93A8EDA12CCEE38F007CA488 /* Sources */ = {
			isa = PBXSourcesBuildPhase;
			buildActionMask = 2147483647;
			files = (
				93A8EDAA2CCEE38F007CA488 /* KataPulseWApp_Watch_AppUITests.swift in Sources */,
				93A8EDAC2CCEE38F007CA488 /* KataPulseWApp_Watch_AppUITestsLaunchTests.swift in Sources */,
			);
			runOnlyForDeploymentPostprocessing = 0;
		};
/* End PBXSourcesBuildPhase section */

/* Begin PBXTargetDependency section */
		933D39792C9E2DF70048B387 /* PBXTargetDependency */ = {
			isa = PBXTargetDependency;
			target = 933D39612C9E2DF50048B387 /* Kata Pulse */;
			targetProxy = 933D39782C9E2DF70048B387 /* PBXContainerItemProxy */;
		};
		933D39832C9E2DF70048B387 /* PBXTargetDependency */ = {
			isa = PBXTargetDependency;
			target = 933D39612C9E2DF50048B387 /* Kata Pulse */;
			targetProxy = 933D39822C9E2DF70048B387 /* PBXContainerItemProxy */;
		};
		93A8ED9D2CCEE38F007CA488 /* PBXTargetDependency */ = {
			isa = PBXTargetDependency;
			target = 93A8ED8B2CCEE38D007CA488 /* KataPulseWApp Watch App */;
			targetProxy = 93A8ED9C2CCEE38F007CA488 /* PBXContainerItemProxy */;
		};
		93A8EDA72CCEE38F007CA488 /* PBXTargetDependency */ = {
			isa = PBXTargetDependency;
			target = 93A8ED8B2CCEE38D007CA488 /* KataPulseWApp Watch App */;
			targetProxy = 93A8EDA62CCEE38F007CA488 /* PBXContainerItemProxy */;
		};
		93A8EDAE2CCEE38F007CA488 /* PBXTargetDependency */ = {
			isa = PBXTargetDependency;
			target = 93A8ED8B2CCEE38D007CA488 /* KataPulseWApp Watch App */;
			targetProxy = 93A8EDAD2CCEE38F007CA488 /* PBXContainerItemProxy */;
		};
/* End PBXTargetDependency section */

/* Begin XCBuildConfiguration section */
		933D39892C9E2DF70048B387 /* Debug */ = {
			isa = XCBuildConfiguration;
			buildSettings = {
				ALWAYS_SEARCH_USER_PATHS = NO;
				ASSETCATALOG_COMPILER_GENERATE_SWIFT_ASSET_SYMBOL_EXTENSIONS = YES;
				CLANG_ANALYZER_NONNULL = YES;
				CLANG_ANALYZER_NUMBER_OBJECT_CONVERSION = YES_AGGRESSIVE;
				CLANG_CXX_LANGUAGE_STANDARD = "gnu++20";
				CLANG_ENABLE_MODULES = YES;
				CLANG_ENABLE_OBJC_ARC = YES;
				CLANG_ENABLE_OBJC_WEAK = YES;
				CLANG_WARN_BLOCK_CAPTURE_AUTORELEASING = YES;
				CLANG_WARN_BOOL_CONVERSION = YES;
				CLANG_WARN_COMMA = YES;
				CLANG_WARN_CONSTANT_CONVERSION = YES;
				CLANG_WARN_DEPRECATED_OBJC_IMPLEMENTATIONS = YES;
				CLANG_WARN_DIRECT_OBJC_ISA_USAGE = YES_ERROR;
				CLANG_WARN_DOCUMENTATION_COMMENTS = YES;
				CLANG_WARN_EMPTY_BODY = YES;
				CLANG_WARN_ENUM_CONVERSION = YES;
				CLANG_WARN_INFINITE_RECURSION = YES;
				CLANG_WARN_INT_CONVERSION = YES;
				CLANG_WARN_NON_LITERAL_NULL_CONVERSION = YES;
				CLANG_WARN_OBJC_IMPLICIT_RETAIN_SELF = YES;
				CLANG_WARN_OBJC_LITERAL_CONVERSION = YES;
				CLANG_WARN_OBJC_ROOT_CLASS = YES_ERROR;
				CLANG_WARN_QUOTED_INCLUDE_IN_FRAMEWORK_HEADER = YES;
				CLANG_WARN_RANGE_LOOP_ANALYSIS = YES;
				CLANG_WARN_STRICT_PROTOTYPES = YES;
				CLANG_WARN_SUSPICIOUS_MOVE = YES;
				CLANG_WARN_UNGUARDED_AVAILABILITY = YES_AGGRESSIVE;
				CLANG_WARN_UNREACHABLE_CODE = YES;
				CLANG_WARN__DUPLICATE_METHOD_MATCH = YES;
				COPY_PHASE_STRIP = NO;
				DEBUG_INFORMATION_FORMAT = dwarf;
				ENABLE_STRICT_OBJC_MSGSEND = YES;
				ENABLE_TESTABILITY = YES;
				ENABLE_USER_SCRIPT_SANDBOXING = YES;
				GCC_C_LANGUAGE_STANDARD = gnu17;
				GCC_DYNAMIC_NO_PIC = NO;
				GCC_NO_COMMON_BLOCKS = YES;
				GCC_OPTIMIZATION_LEVEL = 0;
				GCC_PREPROCESSOR_DEFINITIONS = (
					"DEBUG=1",
					"$(inherited)",
				);
				GCC_WARN_64_TO_32_BIT_CONVERSION = YES;
				GCC_WARN_ABOUT_RETURN_TYPE = YES_ERROR;
				GCC_WARN_UNDECLARED_SELECTOR = YES;
				GCC_WARN_UNINITIALIZED_AUTOS = YES_AGGRESSIVE;
				GCC_WARN_UNUSED_FUNCTION = YES;
				GCC_WARN_UNUSED_VARIABLE = YES;
				IPHONEOS_DEPLOYMENT_TARGET = 17.5;
				LOCALIZATION_PREFERS_STRING_CATALOGS = YES;
				MTL_ENABLE_DEBUG_INFO = INCLUDE_SOURCE;
				MTL_FAST_MATH = YES;
				ONLY_ACTIVE_ARCH = YES;
				SDKROOT = iphoneos;
				SWIFT_ACTIVE_COMPILATION_CONDITIONS = "DEBUG $(inherited)";
				SWIFT_OPTIMIZATION_LEVEL = "-Onone";
			};
			name = Debug;
		};
		933D398A2C9E2DF70048B387 /* Release */ = {
			isa = XCBuildConfiguration;
			buildSettings = {
				ALWAYS_SEARCH_USER_PATHS = NO;
				ASSETCATALOG_COMPILER_GENERATE_SWIFT_ASSET_SYMBOL_EXTENSIONS = YES;
				CLANG_ANALYZER_NONNULL = YES;
				CLANG_ANALYZER_NUMBER_OBJECT_CONVERSION = YES_AGGRESSIVE;
				CLANG_CXX_LANGUAGE_STANDARD = "gnu++20";
				CLANG_ENABLE_MODULES = YES;
				CLANG_ENABLE_OBJC_ARC = YES;
				CLANG_ENABLE_OBJC_WEAK = YES;
				CLANG_WARN_BLOCK_CAPTURE_AUTORELEASING = YES;
				CLANG_WARN_BOOL_CONVERSION = YES;
				CLANG_WARN_COMMA = YES;
				CLANG_WARN_CONSTANT_CONVERSION = YES;
				CLANG_WARN_DEPRECATED_OBJC_IMPLEMENTATIONS = YES;
				CLANG_WARN_DIRECT_OBJC_ISA_USAGE = YES_ERROR;
				CLANG_WARN_DOCUMENTATION_COMMENTS = YES;
				CLANG_WARN_EMPTY_BODY = YES;
				CLANG_WARN_ENUM_CONVERSION = YES;
				CLANG_WARN_INFINITE_RECURSION = YES;
				CLANG_WARN_INT_CONVERSION = YES;
				CLANG_WARN_NON_LITERAL_NULL_CONVERSION = YES;
				CLANG_WARN_OBJC_IMPLICIT_RETAIN_SELF = YES;
				CLANG_WARN_OBJC_LITERAL_CONVERSION = YES;
				CLANG_WARN_OBJC_ROOT_CLASS = YES_ERROR;
				CLANG_WARN_QUOTED_INCLUDE_IN_FRAMEWORK_HEADER = YES;
				CLANG_WARN_RANGE_LOOP_ANALYSIS = YES;
				CLANG_WARN_STRICT_PROTOTYPES = YES;
				CLANG_WARN_SUSPICIOUS_MOVE = YES;
				CLANG_WARN_UNGUARDED_AVAILABILITY = YES_AGGRESSIVE;
				CLANG_WARN_UNREACHABLE_CODE = YES;
				CLANG_WARN__DUPLICATE_METHOD_MATCH = YES;
				COPY_PHASE_STRIP = NO;
				DEBUG_INFORMATION_FORMAT = "dwarf-with-dsym";
				ENABLE_NS_ASSERTIONS = NO;
				ENABLE_STRICT_OBJC_MSGSEND = YES;
				ENABLE_USER_SCRIPT_SANDBOXING = YES;
				GCC_C_LANGUAGE_STANDARD = gnu17;
				GCC_NO_COMMON_BLOCKS = YES;
				GCC_WARN_64_TO_32_BIT_CONVERSION = YES;
				GCC_WARN_ABOUT_RETURN_TYPE = YES_ERROR;
				GCC_WARN_UNDECLARED_SELECTOR = YES;
				GCC_WARN_UNINITIALIZED_AUTOS = YES_AGGRESSIVE;
				GCC_WARN_UNUSED_FUNCTION = YES;
				GCC_WARN_UNUSED_VARIABLE = YES;
				IPHONEOS_DEPLOYMENT_TARGET = 17.5;
				LOCALIZATION_PREFERS_STRING_CATALOGS = YES;
				MTL_ENABLE_DEBUG_INFO = NO;
				MTL_FAST_MATH = YES;
				SDKROOT = iphoneos;
				SWIFT_COMPILATION_MODE = wholemodule;
				VALIDATE_PRODUCT = YES;
			};
			name = Release;
		};
		933D398C2C9E2DF70048B387 /* Debug */ = {
			isa = XCBuildConfiguration;
			buildSettings = {
				ASSETCATALOG_COMPILER_APPICON_NAME = AppIcon;
				ASSETCATALOG_COMPILER_GLOBAL_ACCENT_COLOR_NAME = AccentColor;
				CODE_SIGN_STYLE = Automatic;
				CURRENT_PROJECT_VERSION = 1;
				DEVELOPMENT_ASSET_PATHS = "\"Kata Pulse/Preview Content\"";
				DEVELOPMENT_TEAM = GF92B684W8;
				ENABLE_PREVIEWS = YES;
				GENERATE_INFOPLIST_FILE = YES;
				INFOPLIST_KEY_UIApplicationSceneManifest_Generation = YES;
				INFOPLIST_KEY_UIApplicationSupportsIndirectInputEvents = YES;
				INFOPLIST_KEY_UILaunchScreen_Generation = YES;
				INFOPLIST_KEY_UISupportedInterfaceOrientations_iPad = "UIInterfaceOrientationPortrait UIInterfaceOrientationPortraitUpsideDown UIInterfaceOrientationLandscapeLeft UIInterfaceOrientationLandscapeRight";
				INFOPLIST_KEY_UISupportedInterfaceOrientations_iPhone = "UIInterfaceOrientationPortrait UIInterfaceOrientationLandscapeLeft UIInterfaceOrientationLandscapeRight";
				LD_RUNPATH_SEARCH_PATHS = (
					"$(inherited)",
					"@executable_path/Frameworks",
				);
				MARKETING_VERSION = 1.0;
				PRODUCT_BUNDLE_IDENTIFIER = "cc.addleman.Kata-Pulse";
				PRODUCT_NAME = "$(TARGET_NAME)";
				SWIFT_EMIT_LOC_STRINGS = YES;
				SWIFT_VERSION = 5.0;
				TARGETED_DEVICE_FAMILY = "1,2";
			};
			name = Debug;
		};
		933D398D2C9E2DF70048B387 /* Release */ = {
			isa = XCBuildConfiguration;
			buildSettings = {
				ASSETCATALOG_COMPILER_APPICON_NAME = AppIcon;
				ASSETCATALOG_COMPILER_GLOBAL_ACCENT_COLOR_NAME = AccentColor;
				CODE_SIGN_STYLE = Automatic;
				CURRENT_PROJECT_VERSION = 1;
				DEVELOPMENT_ASSET_PATHS = "\"Kata Pulse/Preview Content\"";
				DEVELOPMENT_TEAM = GF92B684W8;
				ENABLE_PREVIEWS = YES;
				GENERATE_INFOPLIST_FILE = YES;
				INFOPLIST_KEY_UIApplicationSceneManifest_Generation = YES;
				INFOPLIST_KEY_UIApplicationSupportsIndirectInputEvents = YES;
				INFOPLIST_KEY_UILaunchScreen_Generation = YES;
				INFOPLIST_KEY_UISupportedInterfaceOrientations_iPad = "UIInterfaceOrientationPortrait UIInterfaceOrientationPortraitUpsideDown UIInterfaceOrientationLandscapeLeft UIInterfaceOrientationLandscapeRight";
				INFOPLIST_KEY_UISupportedInterfaceOrientations_iPhone = "UIInterfaceOrientationPortrait UIInterfaceOrientationLandscapeLeft UIInterfaceOrientationLandscapeRight";
				LD_RUNPATH_SEARCH_PATHS = (
					"$(inherited)",
					"@executable_path/Frameworks",
				);
				MARKETING_VERSION = 1.0;
				PRODUCT_BUNDLE_IDENTIFIER = "cc.addleman.Kata-Pulse";
				PRODUCT_NAME = "$(TARGET_NAME)";
				SWIFT_EMIT_LOC_STRINGS = YES;
				SWIFT_VERSION = 5.0;
				TARGETED_DEVICE_FAMILY = "1,2";
			};
			name = Release;
		};
		933D398F2C9E2DF70048B387 /* Debug */ = {
			isa = XCBuildConfiguration;
			buildSettings = {
				BUNDLE_LOADER = "$(TEST_HOST)";
				CODE_SIGN_STYLE = Automatic;
				CURRENT_PROJECT_VERSION = 1;
				DEVELOPMENT_TEAM = GF92B684W8;
				GENERATE_INFOPLIST_FILE = YES;
				IPHONEOS_DEPLOYMENT_TARGET = 17.5;
				MARKETING_VERSION = 1.0;
				PRODUCT_BUNDLE_IDENTIFIER = "cc.addleman.Kata-PulseTests";
				PRODUCT_NAME = "$(TARGET_NAME)";
				SWIFT_EMIT_LOC_STRINGS = NO;
				SWIFT_VERSION = 5.0;
				TARGETED_DEVICE_FAMILY = "1,2";
				TEST_HOST = "$(BUILT_PRODUCTS_DIR)/Kata Pulse.app/$(BUNDLE_EXECUTABLE_FOLDER_PATH)/Kata Pulse";
			};
			name = Debug;
		};
		933D39902C9E2DF70048B387 /* Release */ = {
			isa = XCBuildConfiguration;
			buildSettings = {
				BUNDLE_LOADER = "$(TEST_HOST)";
				CODE_SIGN_STYLE = Automatic;
				CURRENT_PROJECT_VERSION = 1;
				DEVELOPMENT_TEAM = GF92B684W8;
				GENERATE_INFOPLIST_FILE = YES;
				IPHONEOS_DEPLOYMENT_TARGET = 17.5;
				MARKETING_VERSION = 1.0;
				PRODUCT_BUNDLE_IDENTIFIER = "cc.addleman.Kata-PulseTests";
				PRODUCT_NAME = "$(TARGET_NAME)";
				SWIFT_EMIT_LOC_STRINGS = NO;
				SWIFT_VERSION = 5.0;
				TARGETED_DEVICE_FAMILY = "1,2";
				TEST_HOST = "$(BUILT_PRODUCTS_DIR)/Kata Pulse.app/$(BUNDLE_EXECUTABLE_FOLDER_PATH)/Kata Pulse";
			};
			name = Release;
		};
		933D39922C9E2DF70048B387 /* Debug */ = {
			isa = XCBuildConfiguration;
			buildSettings = {
				CODE_SIGN_STYLE = Automatic;
				CURRENT_PROJECT_VERSION = 1;
				DEVELOPMENT_TEAM = GF92B684W8;
				GENERATE_INFOPLIST_FILE = YES;
				MARKETING_VERSION = 1.0;
				PRODUCT_BUNDLE_IDENTIFIER = "cc.addleman.Kata-PulseUITests";
				PRODUCT_NAME = "$(TARGET_NAME)";
				SWIFT_EMIT_LOC_STRINGS = NO;
				SWIFT_VERSION = 5.0;
				TARGETED_DEVICE_FAMILY = "1,2";
				TEST_TARGET_NAME = "Kata Pulse";
			};
			name = Debug;
		};
		933D39932C9E2DF70048B387 /* Release */ = {
			isa = XCBuildConfiguration;
			buildSettings = {
				CODE_SIGN_STYLE = Automatic;
				CURRENT_PROJECT_VERSION = 1;
				DEVELOPMENT_TEAM = GF92B684W8;
				GENERATE_INFOPLIST_FILE = YES;
				MARKETING_VERSION = 1.0;
				PRODUCT_BUNDLE_IDENTIFIER = "cc.addleman.Kata-PulseUITests";
				PRODUCT_NAME = "$(TARGET_NAME)";
				SWIFT_EMIT_LOC_STRINGS = NO;
				SWIFT_VERSION = 5.0;
				TARGETED_DEVICE_FAMILY = "1,2";
				TEST_TARGET_NAME = "Kata Pulse";
			};
			name = Release;
		};
		93A8EDB12CCEE38F007CA488 /* Debug */ = {
			isa = XCBuildConfiguration;
			buildSettings = {
				ASSETCATALOG_COMPILER_APPICON_NAME = AppIcon;
				ASSETCATALOG_COMPILER_GLOBAL_ACCENT_COLOR_NAME = AccentColor;
				CODE_SIGN_STYLE = Automatic;
				CURRENT_PROJECT_VERSION = 1;
				DEVELOPMENT_ASSET_PATHS = "\"KataPulseWApp Watch App/Preview Content\"";
				DEVELOPMENT_TEAM = GF92B684W8;
				ENABLE_PREVIEWS = YES;
				GENERATE_INFOPLIST_FILE = YES;
				INFOPLIST_KEY_CFBundleDisplayName = KataPulseWApp;
				INFOPLIST_KEY_UISupportedInterfaceOrientations = "UIInterfaceOrientationPortrait UIInterfaceOrientationPortraitUpsideDown";
				INFOPLIST_KEY_WKCompanionAppBundleIdentifier = "cc.addleman.Kata-Pulse";
				LD_RUNPATH_SEARCH_PATHS = (
					"$(inherited)",
					"@executable_path/Frameworks",
				);
				MARKETING_VERSION = 1.0;
				PRODUCT_BUNDLE_IDENTIFIER = "cc.addleman.Kata-Pulse.watchkitapp";
				PRODUCT_NAME = "$(TARGET_NAME)";
				SDKROOT = watchos;
				SKIP_INSTALL = YES;
				SWIFT_EMIT_LOC_STRINGS = YES;
				SWIFT_VERSION = 5.0;
				TARGETED_DEVICE_FAMILY = 4;
				WATCHOS_DEPLOYMENT_TARGET = 10.5;
			};
			name = Debug;
		};
		93A8EDB22CCEE38F007CA488 /* Release */ = {
			isa = XCBuildConfiguration;
			buildSettings = {
				ASSETCATALOG_COMPILER_APPICON_NAME = AppIcon;
				ASSETCATALOG_COMPILER_GLOBAL_ACCENT_COLOR_NAME = AccentColor;
				CODE_SIGN_STYLE = Automatic;
				CURRENT_PROJECT_VERSION = 1;
				DEVELOPMENT_ASSET_PATHS = "\"KataPulseWApp Watch App/Preview Content\"";
				DEVELOPMENT_TEAM = GF92B684W8;
				ENABLE_PREVIEWS = YES;
				GENERATE_INFOPLIST_FILE = YES;
				INFOPLIST_KEY_CFBundleDisplayName = KataPulseWApp;
				INFOPLIST_KEY_UISupportedInterfaceOrientations = "UIInterfaceOrientationPortrait UIInterfaceOrientationPortraitUpsideDown";
				INFOPLIST_KEY_WKCompanionAppBundleIdentifier = "cc.addleman.Kata-Pulse";
				LD_RUNPATH_SEARCH_PATHS = (
					"$(inherited)",
					"@executable_path/Frameworks",
				);
				MARKETING_VERSION = 1.0;
				PRODUCT_BUNDLE_IDENTIFIER = "cc.addleman.Kata-Pulse.watchkitapp";
				PRODUCT_NAME = "$(TARGET_NAME)";
				SDKROOT = watchos;
				SKIP_INSTALL = YES;
				SWIFT_EMIT_LOC_STRINGS = YES;
				SWIFT_VERSION = 5.0;
				TARGETED_DEVICE_FAMILY = 4;
				WATCHOS_DEPLOYMENT_TARGET = 10.5;
			};
			name = Release;
		};
		93A8EDB32CCEE38F007CA488 /* Debug */ = {
			isa = XCBuildConfiguration;
			buildSettings = {
				BUNDLE_LOADER = "$(TEST_HOST)";
				CODE_SIGN_STYLE = Automatic;
				CURRENT_PROJECT_VERSION = 1;
				DEVELOPMENT_TEAM = GF92B684W8;
				GENERATE_INFOPLIST_FILE = YES;
				MARKETING_VERSION = 1.0;
				PRODUCT_BUNDLE_IDENTIFIER = "cc.addleman.KataPulseWApp-Watch-AppTests";
				PRODUCT_NAME = "$(TARGET_NAME)";
				SDKROOT = watchos;
				SWIFT_EMIT_LOC_STRINGS = NO;
				SWIFT_VERSION = 5.0;
				TARGETED_DEVICE_FAMILY = 4;
				TEST_HOST = "$(BUILT_PRODUCTS_DIR)/KataPulseWApp Watch App.app/$(BUNDLE_EXECUTABLE_FOLDER_PATH)/KataPulseWApp Watch App";
				WATCHOS_DEPLOYMENT_TARGET = 10.5;
			};
			name = Debug;
		};
		93A8EDB42CCEE38F007CA488 /* Release */ = {
			isa = XCBuildConfiguration;
			buildSettings = {
				BUNDLE_LOADER = "$(TEST_HOST)";
				CODE_SIGN_STYLE = Automatic;
				CURRENT_PROJECT_VERSION = 1;
				DEVELOPMENT_TEAM = GF92B684W8;
				GENERATE_INFOPLIST_FILE = YES;
				MARKETING_VERSION = 1.0;
				PRODUCT_BUNDLE_IDENTIFIER = "cc.addleman.KataPulseWApp-Watch-AppTests";
				PRODUCT_NAME = "$(TARGET_NAME)";
				SDKROOT = watchos;
				SWIFT_EMIT_LOC_STRINGS = NO;
				SWIFT_VERSION = 5.0;
				TARGETED_DEVICE_FAMILY = 4;
				TEST_HOST = "$(BUILT_PRODUCTS_DIR)/KataPulseWApp Watch App.app/$(BUNDLE_EXECUTABLE_FOLDER_PATH)/KataPulseWApp Watch App";
				WATCHOS_DEPLOYMENT_TARGET = 10.5;
			};
			name = Release;
		};
		93A8EDB52CCEE38F007CA488 /* Debug */ = {
			isa = XCBuildConfiguration;
			buildSettings = {
				CODE_SIGN_STYLE = Automatic;
				CURRENT_PROJECT_VERSION = 1;
				DEVELOPMENT_TEAM = GF92B684W8;
				GENERATE_INFOPLIST_FILE = YES;
				MARKETING_VERSION = 1.0;
				PRODUCT_BUNDLE_IDENTIFIER = "cc.addleman.KataPulseWApp-Watch-AppUITests";
				PRODUCT_NAME = "$(TARGET_NAME)";
				SDKROOT = watchos;
				SWIFT_EMIT_LOC_STRINGS = NO;
				SWIFT_VERSION = 5.0;
				TARGETED_DEVICE_FAMILY = 4;
				TEST_TARGET_NAME = "KataPulseWApp Watch App";
				WATCHOS_DEPLOYMENT_TARGET = 10.5;
			};
			name = Debug;
		};
		93A8EDB62CCEE38F007CA488 /* Release */ = {
			isa = XCBuildConfiguration;
			buildSettings = {
				CODE_SIGN_STYLE = Automatic;
				CURRENT_PROJECT_VERSION = 1;
				DEVELOPMENT_TEAM = GF92B684W8;
				GENERATE_INFOPLIST_FILE = YES;
				MARKETING_VERSION = 1.0;
				PRODUCT_BUNDLE_IDENTIFIER = "cc.addleman.KataPulseWApp-Watch-AppUITests";
				PRODUCT_NAME = "$(TARGET_NAME)";
				SDKROOT = watchos;
				SWIFT_EMIT_LOC_STRINGS = NO;
				SWIFT_VERSION = 5.0;
				TARGETED_DEVICE_FAMILY = 4;
				TEST_TARGET_NAME = "KataPulseWApp Watch App";
				WATCHOS_DEPLOYMENT_TARGET = 10.5;
			};
			name = Release;
		};
/* End XCBuildConfiguration section */

/* Begin XCConfigurationList section */
		933D395D2C9E2DF50048B387 /* Build configuration list for PBXProject "Kata Pulse" */ = {
			isa = XCConfigurationList;
			buildConfigurations = (
				933D39892C9E2DF70048B387 /* Debug */,
				933D398A2C9E2DF70048B387 /* Release */,
			);
			defaultConfigurationIsVisible = 0;
			defaultConfigurationName = Release;
		};
		933D398B2C9E2DF70048B387 /* Build configuration list for PBXNativeTarget "Kata Pulse" */ = {
			isa = XCConfigurationList;
			buildConfigurations = (
				933D398C2C9E2DF70048B387 /* Debug */,
				933D398D2C9E2DF70048B387 /* Release */,
			);
			defaultConfigurationIsVisible = 0;
			defaultConfigurationName = Release;
		};
		933D398E2C9E2DF70048B387 /* Build configuration list for PBXNativeTarget "Kata PulseTests" */ = {
			isa = XCConfigurationList;
			buildConfigurations = (
				933D398F2C9E2DF70048B387 /* Debug */,
				933D39902C9E2DF70048B387 /* Release */,
			);
			defaultConfigurationIsVisible = 0;
			defaultConfigurationName = Release;
		};
		933D39912C9E2DF70048B387 /* Build configuration list for PBXNativeTarget "Kata PulseUITests" */ = {
			isa = XCConfigurationList;
			buildConfigurations = (
				933D39922C9E2DF70048B387 /* Debug */,
				933D39932C9E2DF70048B387 /* Release */,
			);
			defaultConfigurationIsVisible = 0;
			defaultConfigurationName = Release;
		};
		93A8EDB72CCEE38F007CA488 /* Build configuration list for PBXNativeTarget "KataPulseWApp Watch App" */ = {
			isa = XCConfigurationList;
			buildConfigurations = (
				93A8EDB12CCEE38F007CA488 /* Debug */,
				93A8EDB22CCEE38F007CA488 /* Release */,
			);
			defaultConfigurationIsVisible = 0;
			defaultConfigurationName = Release;
		};
		93A8EDB82CCEE38F007CA488 /* Build configuration list for PBXNativeTarget "KataPulseWApp Watch AppTests" */ = {
			isa = XCConfigurationList;
			buildConfigurations = (
				93A8EDB32CCEE38F007CA488 /* Debug */,
				93A8EDB42CCEE38F007CA488 /* Release */,
			);
			defaultConfigurationIsVisible = 0;
			defaultConfigurationName = Release;
		};
		93A8EDB92CCEE38F007CA488 /* Build configuration list for PBXNativeTarget "KataPulseWApp Watch AppUITests" */ = {
			isa = XCConfigurationList;
			buildConfigurations = (
				93A8EDB52CCEE38F007CA488 /* Debug */,
				93A8EDB62CCEE38F007CA488 /* Release */,
			);
			defaultConfigurationIsVisible = 0;
			defaultConfigurationName = Release;
		};
/* End XCConfigurationList section */

/* Begin XCVersionGroup section */
		933D39702C9E2DF70048B387 /* FeetTogetherModel.xcdatamodeld */ = {
			isa = XCVersionGroup;
			children = (
				933D39712C9E2DF70048B387 /* Kata_Pulse.xcdatamodel */,
			);
			currentVersion = 933D39712C9E2DF70048B387 /* Kata_Pulse.xcdatamodel */;
			path = FeetTogetherModel.xcdatamodeld;
			sourceTree = "<group>";
			versionGroupType = wrapper.xcdatamodel;
		};
/* End XCVersionGroup section */
	};
	rootObject = 933D395A2C9E2DF50048B387 /* Project object */;
}
